// !$*UTF8*$!
{
	archiveVersion = 1;
	classes = {
	};
	objectVersion = 50;
	objects = {

/* Begin PBXBuildFile section */
		D128188922BDFED300470AA4 /* AppDelegate.swift in Sources */ = {isa = PBXBuildFile; fileRef = D128188822BDFED300470AA4 /* AppDelegate.swift */; };
		D128188B22BDFED300470AA4 /* ViewController.swift in Sources */ = {isa = PBXBuildFile; fileRef = D128188A22BDFED300470AA4 /* ViewController.swift */; };
		D128188E22BDFED300470AA4 /* Main.storyboard in Resources */ = {isa = PBXBuildFile; fileRef = D128188C22BDFED300470AA4 /* Main.storyboard */; };
		D128189022BDFED500470AA4 /* Assets.xcassets in Resources */ = {isa = PBXBuildFile; fileRef = D128188F22BDFED500470AA4 /* Assets.xcassets */; };
		D128189322BDFED500470AA4 /* LaunchScreen.storyboard in Resources */ = {isa = PBXBuildFile; fileRef = D128189122BDFED500470AA4 /* LaunchScreen.storyboard */; };
		D128189E22BDFED500470AA4 /* RETONITYTests.swift in Sources */ = {isa = PBXBuildFile; fileRef = D128189D22BDFED500470AA4 /* RETONITYTests.swift */; };
		D12818A922BDFED500470AA4 /* RETONITYUITests.swift in Sources */ = {isa = PBXBuildFile; fileRef = D12818A822BDFED500470AA4 /* RETONITYUITests.swift */; };
/* End PBXBuildFile section */

/* Begin PBXContainerItemProxy section */
		D128189A22BDFED500470AA4 /* PBXContainerItemProxy */ = {
			isa = PBXContainerItemProxy;
			containerPortal = D128187D22BDFED300470AA4 /* Project object */;
			proxyType = 1;
			remoteGlobalIDString = D128188422BDFED300470AA4;
			remoteInfo = RETONITY;
		};
		D12818A522BDFED500470AA4 /* PBXContainerItemProxy */ = {
			isa = PBXContainerItemProxy;
			containerPortal = D128187D22BDFED300470AA4 /* Project object */;
			proxyType = 1;
			remoteGlobalIDString = D128188422BDFED300470AA4;
			remoteInfo = RETONITY;
		};
/* End PBXContainerItemProxy section */

/* Begin PBXFileReference section */
		D128188522BDFED300470AA4 /* RETONITY.app */ = {isa = PBXFileReference; explicitFileType = wrapper.application; includeInIndex = 0; path = RETONITY.app; sourceTree = BUILT_PRODUCTS_DIR; };
		D128188822BDFED300470AA4 /* AppDelegate.swift */ = {isa = PBXFileReference; lastKnownFileType = sourcecode.swift; path = AppDelegate.swift; sourceTree = "<group>"; };
		D128188A22BDFED300470AA4 /* ViewController.swift */ = {isa = PBXFileReference; lastKnownFileType = sourcecode.swift; path = ViewController.swift; sourceTree = "<group>"; };
		D128188D22BDFED300470AA4 /* Base */ = {isa = PBXFileReference; lastKnownFileType = file.storyboard; name = Base; path = Base.lproj/Main.storyboard; sourceTree = "<group>"; };
		D128188F22BDFED500470AA4 /* Assets.xcassets */ = {isa = PBXFileReference; lastKnownFileType = folder.assetcatalog; path = Assets.xcassets; sourceTree = "<group>"; };
		D128189222BDFED500470AA4 /* Base */ = {isa = PBXFileReference; lastKnownFileType = file.storyboard; name = Base; path = Base.lproj/LaunchScreen.storyboard; sourceTree = "<group>"; };
		D128189422BDFED500470AA4 /* Info.plist */ = {isa = PBXFileReference; lastKnownFileType = text.plist.xml; path = Info.plist; sourceTree = "<group>"; };
		D128189922BDFED500470AA4 /* RETONITYTests.xctest */ = {isa = PBXFileReference; explicitFileType = wrapper.cfbundle; includeInIndex = 0; path = RETONITYTests.xctest; sourceTree = BUILT_PRODUCTS_DIR; };
		D128189D22BDFED500470AA4 /* RETONITYTests.swift */ = {isa = PBXFileReference; lastKnownFileType = sourcecode.swift; path = RETONITYTests.swift; sourceTree = "<group>"; };
		D128189F22BDFED500470AA4 /* Info.plist */ = {isa = PBXFileReference; lastKnownFileType = text.plist.xml; path = Info.plist; sourceTree = "<group>"; };
		D12818A422BDFED500470AA4 /* RETONITYUITests.xctest */ = {isa = PBXFileReference; explicitFileType = wrapper.cfbundle; includeInIndex = 0; path = RETONITYUITests.xctest; sourceTree = BUILT_PRODUCTS_DIR; };
		D12818A822BDFED500470AA4 /* RETONITYUITests.swift */ = {isa = PBXFileReference; lastKnownFileType = sourcecode.swift; path = RETONITYUITests.swift; sourceTree = "<group>"; };
		D12818AA22BDFED500470AA4 /* Info.plist */ = {isa = PBXFileReference; lastKnownFileType = text.plist.xml; path = Info.plist; sourceTree = "<group>"; };
/* End PBXFileReference section */

/* Begin PBXFrameworksBuildPhase section */
		D128188222BDFED300470AA4 /* Frameworks */ = {
			isa = PBXFrameworksBuildPhase;
			buildActionMask = 2147483647;
			files = (
			);
			runOnlyForDeploymentPostprocessing = 0;
		};
		D128189622BDFED500470AA4 /* Frameworks */ = {
			isa = PBXFrameworksBuildPhase;
			buildActionMask = 2147483647;
			files = (
			);
			runOnlyForDeploymentPostprocessing = 0;
		};
		D12818A122BDFED500470AA4 /* Frameworks */ = {
			isa = PBXFrameworksBuildPhase;
			buildActionMask = 2147483647;
			files = (
			);
			runOnlyForDeploymentPostprocessing = 0;
		};
/* End PBXFrameworksBuildPhase section */

/* Begin PBXGroup section */
		D128187C22BDFED300470AA4 = {
			isa = PBXGroup;
			children = (
				D128188722BDFED300470AA4 /* RETONITY */,
				D128189C22BDFED500470AA4 /* RETONITYTests */,
				D12818A722BDFED500470AA4 /* RETONITYUITests */,
				D128188622BDFED300470AA4 /* Products */,
			);
			sourceTree = "<group>";
		};
		D128188622BDFED300470AA4 /* Products */ = {
			isa = PBXGroup;
			children = (
				D128188522BDFED300470AA4 /* RETONITY.app */,
				D128189922BDFED500470AA4 /* RETONITYTests.xctest */,
				D12818A422BDFED500470AA4 /* RETONITYUITests.xctest */,
			);
			name = Products;
			sourceTree = "<group>";
		};
		D128188722BDFED300470AA4 /* RETONITY */ = {
			isa = PBXGroup;
			children = (
				D128188822BDFED300470AA4 /* AppDelegate.swift */,
				D128188A22BDFED300470AA4 /* ViewController.swift */,
				D128188C22BDFED300470AA4 /* Main.storyboard */,
				D128188F22BDFED500470AA4 /* Assets.xcassets */,
				D128189122BDFED500470AA4 /* LaunchScreen.storyboard */,
				D128189422BDFED500470AA4 /* Info.plist */,
			);
			path = RETONITY;
			sourceTree = "<group>";
		};
		D128189C22BDFED500470AA4 /* RETONITYTests */ = {
			isa = PBXGroup;
			children = (
				D128189D22BDFED500470AA4 /* RETONITYTests.swift */,
				D128189F22BDFED500470AA4 /* Info.plist */,
			);
			path = RETONITYTests;
			sourceTree = "<group>";
		};
		D12818A722BDFED500470AA4 /* RETONITYUITests */ = {
			isa = PBXGroup;
			children = (
				D12818A822BDFED500470AA4 /* RETONITYUITests.swift */,
				D12818AA22BDFED500470AA4 /* Info.plist */,
			);
			path = RETONITYUITests;
			sourceTree = "<group>";
		};
/* End PBXGroup section */

/* Begin PBXNativeTarget section */
		D128188422BDFED300470AA4 /* RETONITY */ = {
			isa = PBXNativeTarget;
			buildConfigurationList = D12818AD22BDFED500470AA4 /* Build configuration list for PBXNativeTarget "RETONITY" */;
			buildPhases = (
				D128188122BDFED300470AA4 /* Sources */,
				D128188222BDFED300470AA4 /* Frameworks */,
				D128188322BDFED300470AA4 /* Resources */,
			);
			buildRules = (
			);
			dependencies = (
			);
			name = RETONITY;
			productName = RETONITY;
			productReference = D128188522BDFED300470AA4 /* RETONITY.app */;
			productType = "com.apple.product-type.application";
		};
		D128189822BDFED500470AA4 /* RETONITYTests */ = {
			isa = PBXNativeTarget;
			buildConfigurationList = D12818B022BDFED500470AA4 /* Build configuration list for PBXNativeTarget "RETONITYTests" */;
			buildPhases = (
				D128189522BDFED500470AA4 /* Sources */,
				D128189622BDFED500470AA4 /* Frameworks */,
				D128189722BDFED500470AA4 /* Resources */,
			);
			buildRules = (
			);
			dependencies = (
				D128189B22BDFED500470AA4 /* PBXTargetDependency */,
			);
			name = RETONITYTests;
			productName = RETONITYTests;
			productReference = D128189922BDFED500470AA4 /* RETONITYTests.xctest */;
			productType = "com.apple.product-type.bundle.unit-test";
		};
		D12818A322BDFED500470AA4 /* RETONITYUITests */ = {
			isa = PBXNativeTarget;
			buildConfigurationList = D12818B322BDFED500470AA4 /* Build configuration list for PBXNativeTarget "RETONITYUITests" */;
			buildPhases = (
				D12818A022BDFED500470AA4 /* Sources */,
				D12818A122BDFED500470AA4 /* Frameworks */,
				D12818A222BDFED500470AA4 /* Resources */,
			);
			buildRules = (
			);
			dependencies = (
				D12818A622BDFED500470AA4 /* PBXTargetDependency */,
			);
			name = RETONITYUITests;
			productName = RETONITYUITests;
			productReference = D12818A422BDFED500470AA4 /* RETONITYUITests.xctest */;
			productType = "com.apple.product-type.bundle.ui-testing";
		};
/* End PBXNativeTarget section */

/* Begin PBXProject section */
		D128187D22BDFED300470AA4 /* Project object */ = {
			isa = PBXProject;
			attributes = {
				LastSwiftUpdateCheck = 1020;
				LastUpgradeCheck = 1020;
				ORGANIZATIONNAME = "Yushi Nakaya";
				TargetAttributes = {
					D128188422BDFED300470AA4 = {
						CreatedOnToolsVersion = 10.2.1;
					};
					D128189822BDFED500470AA4 = {
						CreatedOnToolsVersion = 10.2.1;
						TestTargetID = D128188422BDFED300470AA4;
					};
					D12818A322BDFED500470AA4 = {
						CreatedOnToolsVersion = 10.2.1;
						TestTargetID = D128188422BDFED300470AA4;
					};
				};
			};
			buildConfigurationList = D128188022BDFED300470AA4 /* Build configuration list for PBXProject "RETONITY" */;
			compatibilityVersion = "Xcode 9.3";
			developmentRegion = en;
			hasScannedForEncodings = 0;
			knownRegions = (
				en,
				Base,
			);
			mainGroup = D128187C22BDFED300470AA4;
			productRefGroup = D128188622BDFED300470AA4 /* Products */;
			projectDirPath = "";
			projectRoot = "";
			targets = (
				D128188422BDFED300470AA4 /* RETONITY */,
				D128189822BDFED500470AA4 /* RETONITYTests */,
				D12818A322BDFED500470AA4 /* RETONITYUITests */,
			);
		};
/* End PBXProject section */

/* Begin PBXResourcesBuildPhase section */
		D128188322BDFED300470AA4 /* Resources */ = {
			isa = PBXResourcesBuildPhase;
			buildActionMask = 2147483647;
			files = (
				D128189322BDFED500470AA4 /* LaunchScreen.storyboard in Resources */,
				D128189022BDFED500470AA4 /* Assets.xcassets in Resources */,
				D128188E22BDFED300470AA4 /* Main.storyboard in Resources */,
			);
			runOnlyForDeploymentPostprocessing = 0;
		};
		D128189722BDFED500470AA4 /* Resources */ = {
			isa = PBXResourcesBuildPhase;
			buildActionMask = 2147483647;
			files = (
			);
			runOnlyForDeploymentPostprocessing = 0;
		};
		D12818A222BDFED500470AA4 /* Resources */ = {
			isa = PBXResourcesBuildPhase;
			buildActionMask = 2147483647;
			files = (
			);
			runOnlyForDeploymentPostprocessing = 0;
		};
/* End PBXResourcesBuildPhase section */

/* Begin PBXSourcesBuildPhase section */
		D128188122BDFED300470AA4 /* Sources */ = {
			isa = PBXSourcesBuildPhase;
			buildActionMask = 2147483647;
			files = (
				D128188B22BDFED300470AA4 /* ViewController.swift in Sources */,
				D128188922BDFED300470AA4 /* AppDelegate.swift in Sources */,
			);
			runOnlyForDeploymentPostprocessing = 0;
		};
		D128189522BDFED500470AA4 /* Sources */ = {
			isa = PBXSourcesBuildPhase;
			buildActionMask = 2147483647;
			files = (
				D128189E22BDFED500470AA4 /* RETONITYTests.swift in Sources */,
			);
			runOnlyForDeploymentPostprocessing = 0;
		};
		D12818A022BDFED500470AA4 /* Sources */ = {
			isa = PBXSourcesBuildPhase;
			buildActionMask = 2147483647;
			files = (
				D12818A922BDFED500470AA4 /* RETONITYUITests.swift in Sources */,
			);
			runOnlyForDeploymentPostprocessing = 0;
		};
/* End PBXSourcesBuildPhase section */

/* Begin PBXTargetDependency section */
		D128189B22BDFED500470AA4 /* PBXTargetDependency */ = {
			isa = PBXTargetDependency;
			target = D128188422BDFED300470AA4 /* RETONITY */;
			targetProxy = D128189A22BDFED500470AA4 /* PBXContainerItemProxy */;
		};
		D12818A622BDFED500470AA4 /* PBXTargetDependency */ = {
			isa = PBXTargetDependency;
			target = D128188422BDFED300470AA4 /* RETONITY */;
			targetProxy = D12818A522BDFED500470AA4 /* PBXContainerItemProxy */;
		};
/* End PBXTargetDependency section */

/* Begin PBXVariantGroup section */
		D128188C22BDFED300470AA4 /* Main.storyboard */ = {
			isa = PBXVariantGroup;
			children = (
				D128188D22BDFED300470AA4 /* Base */,
			);
			name = Main.storyboard;
			sourceTree = "<group>";
		};
		D128189122BDFED500470AA4 /* LaunchScreen.storyboard */ = {
			isa = PBXVariantGroup;
			children = (
				D128189222BDFED500470AA4 /* Base */,
			);
			name = LaunchScreen.storyboard;
			sourceTree = "<group>";
		};
/* End PBXVariantGroup section */

/* Begin XCBuildConfiguration section */
		D12818AB22BDFED500470AA4 /* Debug */ = {
			isa = XCBuildConfiguration;
			buildSettings = {
				ALWAYS_SEARCH_USER_PATHS = NO;
				CLANG_ANALYZER_NONNULL = YES;
				CLANG_ANALYZER_NUMBER_OBJECT_CONVERSION = YES_AGGRESSIVE;
				CLANG_CXX_LANGUAGE_STANDARD = "gnu++14";
				CLANG_CXX_LIBRARY = "libc++";
				CLANG_ENABLE_MODULES = YES;
				CLANG_ENABLE_OBJC_ARC = YES;
				CLANG_ENABLE_OBJC_WEAK = YES;
				CLANG_WARN_BLOCK_CAPTURE_AUTORELEASING = YES;
				CLANG_WARN_BOOL_CONVERSION = YES;
				CLANG_WARN_COMMA = YES;
				CLANG_WARN_CONSTANT_CONVERSION = YES;
				CLANG_WARN_DEPRECATED_OBJC_IMPLEMENTATIONS = YES;
				CLANG_WARN_DIRECT_OBJC_ISA_USAGE = YES_ERROR;
				CLANG_WARN_DOCUMENTATION_COMMENTS = YES;
				CLANG_WARN_EMPTY_BODY = YES;
				CLANG_WARN_ENUM_CONVERSION = YES;
				CLANG_WARN_INFINITE_RECURSION = YES;
				CLANG_WARN_INT_CONVERSION = YES;
				CLANG_WARN_NON_LITERAL_NULL_CONVERSION = YES;
				CLANG_WARN_OBJC_IMPLICIT_RETAIN_SELF = YES;
				CLANG_WARN_OBJC_LITERAL_CONVERSION = YES;
				CLANG_WARN_OBJC_ROOT_CLASS = YES_ERROR;
				CLANG_WARN_RANGE_LOOP_ANALYSIS = YES;
				CLANG_WARN_STRICT_PROTOTYPES = YES;
				CLANG_WARN_SUSPICIOUS_MOVE = YES;
				CLANG_WARN_UNGUARDED_AVAILABILITY = YES_AGGRESSIVE;
				CLANG_WARN_UNREACHABLE_CODE = YES;
				CLANG_WARN__DUPLICATE_METHOD_MATCH = YES;
				CODE_SIGN_IDENTITY = "iPhone Developer";
				COPY_PHASE_STRIP = NO;
				DEBUG_INFORMATION_FORMAT = dwarf;
				ENABLE_STRICT_OBJC_MSGSEND = YES;
				ENABLE_TESTABILITY = YES;
				GCC_C_LANGUAGE_STANDARD = gnu11;
				GCC_DYNAMIC_NO_PIC = NO;
				GCC_NO_COMMON_BLOCKS = YES;
				GCC_OPTIMIZATION_LEVEL = 0;
				GCC_PREPROCESSOR_DEFINITIONS = (
					"DEBUG=1",
					"$(inherited)",
				);
				GCC_WARN_64_TO_32_BIT_CONVERSION = YES;
				GCC_WARN_ABOUT_RETURN_TYPE = YES_ERROR;
				GCC_WARN_UNDECLARED_SELECTOR = YES;
				GCC_WARN_UNINITIALIZED_AUTOS = YES_AGGRESSIVE;
				GCC_WARN_UNUSED_FUNCTION = YES;
				GCC_WARN_UNUSED_VARIABLE = YES;
				IPHONEOS_DEPLOYMENT_TARGET = 12.2;
				MTL_ENABLE_DEBUG_INFO = INCLUDE_SOURCE;
				MTL_FAST_MATH = YES;
				ONLY_ACTIVE_ARCH = YES;
				SDKROOT = iphoneos;
				SWIFT_ACTIVE_COMPILATION_CONDITIONS = DEBUG;
				SWIFT_OPTIMIZATION_LEVEL = "-Onone";
			};
			name = Debug;
		};
		D12818AC22BDFED500470AA4 /* Release */ = {
			isa = XCBuildConfiguration;
			buildSettings = {
				ALWAYS_SEARCH_USER_PATHS = NO;
				CLANG_ANALYZER_NONNULL = YES;
				CLANG_ANALYZER_NUMBER_OBJECT_CONVERSION = YES_AGGRESSIVE;
				CLANG_CXX_LANGUAGE_STANDARD = "gnu++14";
				CLANG_CXX_LIBRARY = "libc++";
				CLANG_ENABLE_MODULES = YES;
				CLANG_ENABLE_OBJC_ARC = YES;
				CLANG_ENABLE_OBJC_WEAK = YES;
				CLANG_WARN_BLOCK_CAPTURE_AUTORELEASING = YES;
				CLANG_WARN_BOOL_CONVERSION = YES;
				CLANG_WARN_COMMA = YES;
				CLANG_WARN_CONSTANT_CONVERSION = YES;
				CLANG_WARN_DEPRECATED_OBJC_IMPLEMENTATIONS = YES;
				CLANG_WARN_DIRECT_OBJC_ISA_USAGE = YES_ERROR;
				CLANG_WARN_DOCUMENTATION_COMMENTS = YES;
				CLANG_WARN_EMPTY_BODY = YES;
				CLANG_WARN_ENUM_CONVERSION = YES;
				CLANG_WARN_INFINITE_RECURSION = YES;
				CLANG_WARN_INT_CONVERSION = YES;
				CLANG_WARN_NON_LITERAL_NULL_CONVERSION = YES;
				CLANG_WARN_OBJC_IMPLICIT_RETAIN_SELF = YES;
				CLANG_WARN_OBJC_LITERAL_CONVERSION = YES;
				CLANG_WARN_OBJC_ROOT_CLASS = YES_ERROR;
				CLANG_WARN_RANGE_LOOP_ANALYSIS = YES;
				CLANG_WARN_STRICT_PROTOTYPES = YES;
				CLANG_WARN_SUSPICIOUS_MOVE = YES;
				CLANG_WARN_UNGUARDED_AVAILABILITY = YES_AGGRESSIVE;
				CLANG_WARN_UNREACHABLE_CODE = YES;
				CLANG_WARN__DUPLICATE_METHOD_MATCH = YES;
				CODE_SIGN_IDENTITY = "iPhone Developer";
				COPY_PHASE_STRIP = NO;
				DEBUG_INFORMATION_FORMAT = "dwarf-with-dsym";
				ENABLE_NS_ASSERTIONS = NO;
				ENABLE_STRICT_OBJC_MSGSEND = YES;
				GCC_C_LANGUAGE_STANDARD = gnu11;
				GCC_NO_COMMON_BLOCKS = YES;
				GCC_WARN_64_TO_32_BIT_CONVERSION = YES;
				GCC_WARN_ABOUT_RETURN_TYPE = YES_ERROR;
				GCC_WARN_UNDECLARED_SELECTOR = YES;
				GCC_WARN_UNINITIALIZED_AUTOS = YES_AGGRESSIVE;
				GCC_WARN_UNUSED_FUNCTION = YES;
				GCC_WARN_UNUSED_VARIABLE = YES;
				IPHONEOS_DEPLOYMENT_TARGET = 12.2;
				MTL_ENABLE_DEBUG_INFO = NO;
				MTL_FAST_MATH = YES;
				SDKROOT = iphoneos;
				SWIFT_COMPILATION_MODE = wholemodule;
				SWIFT_OPTIMIZATION_LEVEL = "-O";
				VALIDATE_PRODUCT = YES;
			};
			name = Release;
		};
		D12818AE22BDFED500470AA4 /* Debug */ = {
			isa = XCBuildConfiguration;
			buildSettings = {
				ASSETCATALOG_COMPILER_APPICON_NAME = AppIcon;
				CODE_SIGN_STYLE = Automatic;
				DEVELOPMENT_TEAM = ADMQ4FDVPY;
				INFOPLIST_FILE = RETONITY/Info.plist;
				LD_RUNPATH_SEARCH_PATHS = (
					"$(inherited)",
					"@executable_path/Frameworks",
				);
				PRODUCT_BUNDLE_IDENTIFIER = com.yushi.RETONITY;
				PRODUCT_NAME = "$(TARGET_NAME)";
				SWIFT_VERSION = 5.0;
				TARGETED_DEVICE_FAMILY = "1,2";
			};
			name = Debug;
		};
		D12818AF22BDFED500470AA4 /* Release */ = {
			isa = XCBuildConfiguration;
			buildSettings = {
				ASSETCATALOG_COMPILER_APPICON_NAME = AppIcon;
				CODE_SIGN_STYLE = Automatic;
				DEVELOPMENT_TEAM = ADMQ4FDVPY;
				INFOPLIST_FILE = RETONITY/Info.plist;
				LD_RUNPATH_SEARCH_PATHS = (
					"$(inherited)",
					"@executable_path/Frameworks",
				);
				PRODUCT_BUNDLE_IDENTIFIER = com.yushi.RETONITY;
				PRODUCT_NAME = "$(TARGET_NAME)";
				SWIFT_VERSION = 5.0;
				TARGETED_DEVICE_FAMILY = "1,2";
			};
			name = Release;
		};
		D12818B122BDFED500470AA4 /* Debug */ = {
			isa = XCBuildConfiguration;
			buildSettings = {
				ALWAYS_EMBED_SWIFT_STANDARD_LIBRARIES = YES;
				BUNDLE_LOADER = "$(TEST_HOST)";
				CODE_SIGN_STYLE = Automatic;
				DEVELOPMENT_TEAM = ADMQ4FDVPY;
				INFOPLIST_FILE = RETONITYTests/Info.plist;
				LD_RUNPATH_SEARCH_PATHS = (
					"$(inherited)",
					"@executable_path/Frameworks",
					"@loader_path/Frameworks",
				);
				PRODUCT_BUNDLE_IDENTIFIER = com.yushi.RETONITYTests;
				PRODUCT_NAME = "$(TARGET_NAME)";
				SWIFT_VERSION = 5.0;
				TARGETED_DEVICE_FAMILY = "1,2";
				TEST_HOST = "$(BUILT_PRODUCTS_DIR)/RETONITY.app/RETONITY";
			};
			name = Debug;
		};
		D12818B222BDFED500470AA4 /* Release */ = {
			isa = XCBuildConfiguration;
			buildSettings = {
				ALWAYS_EMBED_SWIFT_STANDARD_LIBRARIES = YES;
				BUNDLE_LOADER = "$(TEST_HOST)";
				CODE_SIGN_STYLE = Automatic;
				DEVELOPMENT_TEAM = ADMQ4FDVPY;
				INFOPLIST_FILE = RETONITYTests/Info.plist;
				LD_RUNPATH_SEARCH_PATHS = (
					"$(inherited)",
					"@executable_path/Frameworks",
					"@loader_path/Frameworks",
				);
				PRODUCT_BUNDLE_IDENTIFIER = com.yushi.RETONITYTests;
				PRODUCT_NAME = "$(TARGET_NAME)";
				SWIFT_VERSION = 5.0;
				TARGETED_DEVICE_FAMILY = "1,2";
				TEST_HOST = "$(BUILT_PRODUCTS_DIR)/RETONITY.app/RETONITY";
			};
			name = Release;
		};
		D12818B422BDFED500470AA4 /* Debug */ = {
			isa = XCBuildConfiguration;
			buildSettings = {
				ALWAYS_EMBED_SWIFT_STANDARD_LIBRARIES = YES;
				CODE_SIGN_STYLE = Automatic;
				DEVELOPMENT_TEAM = ADMQ4FDVPY;
				INFOPLIST_FILE = RETONITYUITests/Info.plist;
				LD_RUNPATH_SEARCH_PATHS = (
					"$(inherited)",
					"@executable_path/Frameworks",
					"@loader_path/Frameworks",
				);
				PRODUCT_BUNDLE_IDENTIFIER = com.yushi.RETONITYUITests;
				PRODUCT_NAME = "$(TARGET_NAME)";
				SWIFT_VERSION = 5.0;
				TARGETED_DEVICE_FAMILY = "1,2";
				TEST_TARGET_NAME = RETONITY;
			};
			name = Debug;
		};
		D12818B522BDFED500470AA4 /* Release */ = {
			isa = XCBuildConfiguration;
			buildSettings = {
				ALWAYS_EMBED_SWIFT_STANDARD_LIBRARIES = YES;
				CODE_SIGN_STYLE = Automatic;
				DEVELOPMENT_TEAM = ADMQ4FDVPY;
				INFOPLIST_FILE = RETONITYUITests/Info.plist;
				LD_RUNPATH_SEARCH_PATHS = (
					"$(inherited)",
					"@executable_path/Frameworks",
					"@loader_path/Frameworks",
				);
				PRODUCT_BUNDLE_IDENTIFIER = com.yushi.RETONITYUITests;
				PRODUCT_NAME = "$(TARGET_NAME)";
				SWIFT_VERSION = 5.0;
				TARGETED_DEVICE_FAMILY = "1,2";
				TEST_TARGET_NAME = RETONITY;
			};
			name = Release;
		};
/* End XCBuildConfiguration section */

/* Begin XCConfigurationList section */
		D128188022BDFED300470AA4 /* Build configuration list for PBXProject "RETONITY" */ = {
			isa = XCConfigurationList;
			buildConfigurations = (
				D12818AB22BDFED500470AA4 /* Debug */,
				D12818AC22BDFED500470AA4 /* Release */,
			);
			defaultConfigurationIsVisible = 0;
			defaultConfigurationName = Release;
		};
		D12818AD22BDFED500470AA4 /* Build configuration list for PBXNativeTarget "RETONITY" */ = {
			isa = XCConfigurationList;
			buildConfigurations = (
				D12818AE22BDFED500470AA4 /* Debug */,
				D12818AF22BDFED500470AA4 /* Release */,
			);
			defaultConfigurationIsVisible = 0;
			defaultConfigurationName = Release;
		};
		D12818B022BDFED500470AA4 /* Build configuration list for PBXNativeTarget "RETONITYTests" */ = {
			isa = XCConfigurationList;
			buildConfigurations = (
				D12818B122BDFED500470AA4 /* Debug */,
				D12818B222BDFED500470AA4 /* Release */,
			);
			defaultConfigurationIsVisible = 0;
			defaultConfigurationName = Release;
		};
		D12818B322BDFED500470AA4 /* Build configuration list for PBXNativeTarget "RETONITYUITests" */ = {
			isa = XCConfigurationList;
			buildConfigurations = (
				D12818B422BDFED500470AA4 /* Debug */,
				D12818B522BDFED500470AA4 /* Release */,
			);
			defaultConfigurationIsVisible = 0;
			defaultConfigurationName = Release;
		};
/* End XCConfigurationList section */
	};
	rootObject = D128187D22BDFED300470AA4 /* Project object */;
}
